
Microsoft Visual Studio Solution File, Format Version 12.00
# Visual Studio Version 16
VisualStudioVersion = 16.0.29102.190
MinimumVisualStudioVersion = 10.0.40219.1
Project("{FAE04EC0-301F-11D3-BF4B-00C04F79EFBC}") = "PracticaUNO", "PracticaUNO\PracticaUNO.csproj", "{221A3F0A-7564-492C-A52A-900E1338947D}"
EndProject
Global
	GlobalSection(SolutionConfigurationPlatforms) = preSolution
		Debug|Any CPU = Debug|Any CPU
		Release|Any CPU = Release|Any CPU
	EndGlobalSection
	GlobalSection(ProjectConfigurationPlatforms) = postSolution
		{221A3F0A-7564-492C-A52A-900E1338947D}.Debug|Any CPU.ActiveCfg = Debug|Any CPU
		{221A3F0A-7564-492C-A52A-900E1338947D}.Debug|Any CPU.Build.0 = Debug|Any CPU
		{221A3F0A-7564-492C-A52A-900E1338947D}.Release|Any CPU.ActiveCfg = Release|Any CPU
		{221A3F0A-7564-492C-A52A-900E1338947D}.Release|Any CPU.Build.0 = Release|Any CPU
	EndGlobalSection
	GlobalSection(SolutionProperties) = preSolution
		HideSolutionNode = FALSE
	EndGlobalSection
	GlobalSection(ExtensibilityGlobals) = postSolution
		SolutionGuid = {BB52DF7D-3A63-45DA-B624-BE7EE0295FA4}
	EndGlobalSection
EndGlobal
